
Microsoft Visual Studio Solution File, Format Version 12.00
# Visual Studio Version 16
VisualStudioVersion = 16.0.33529.622
MinimumVisualStudioVersion = 10.0.40219.1
Project("{FAE04EC0-301F-11D3-BF4B-00C04F79EFBC}") = "Tema3-FormularioStackPanel", "Tema3-FormularioStackPanel\Tema3-FormularioStackPanel.csproj", "{5C4264EB-9E61-4E7D-8A54-878046DEA269}"
EndProject
Global
	GlobalSection(SolutionConfigurationPlatforms) = preSolution
		Debug|Any CPU = Debug|Any CPU
		Release|Any CPU = Release|Any CPU
	EndGlobalSection
	GlobalSection(ProjectConfigurationPlatforms) = postSolution
		{5C4264EB-9E61-4E7D-8A54-878046DEA269}.Debug|Any CPU.ActiveCfg = Debug|Any CPU
		{5C4264EB-9E61-4E7D-8A54-878046DEA269}.Debug|Any CPU.Build.0 = Debug|Any CPU
		{5C4264EB-9E61-4E7D-8A54-878046DEA269}.Release|Any CPU.ActiveCfg = Release|Any CPU
		{5C4264EB-9E61-4E7D-8A54-878046DEA269}.Release|Any CPU.Build.0 = Release|Any CPU
	EndGlobalSection
	GlobalSection(SolutionProperties) = preSolution
		HideSolutionNode = FALSE
	EndGlobalSection
	GlobalSection(ExtensibilityGlobals) = postSolution
		SolutionGuid = {991E6F14-049E-4AF3-A998-6FB80F1BF5D2}
	EndGlobalSection
EndGlobal
